
Microsoft Visual Studio Solution File, Format Version 12.00
# Visual Studio Version 17
VisualStudioVersion = 17.5.002.0
MinimumVisualStudioVersion = 10.0.40219.1
Project("{9A19103F-16F7-4668-BE54-9A1E7A4F7556}") = "PlatformService", "PlatformService.csproj", "{91A30D14-8FD8-4B95-AD4F-2E1C32F5DCBA}"
EndProject
Global
	GlobalSection(SolutionConfigurationPlatforms) = preSolution
		Debug|Any CPU = Debug|Any CPU
		Release|Any CPU = Release|Any CPU
	EndGlobalSection
	GlobalSection(ProjectConfigurationPlatforms) = postSolution
		{91A30D14-8FD8-4B95-AD4F-2E1C32F5DCBA}.Debug|Any CPU.ActiveCfg = Debug|Any CPU
		{91A30D14-8FD8-4B95-AD4F-2E1C32F5DCBA}.Debug|Any CPU.Build.0 = Debug|Any CPU
		{91A30D14-8FD8-4B95-AD4F-2E1C32F5DCBA}.Release|Any CPU.ActiveCfg = Release|Any CPU
		{91A30D14-8FD8-4B95-AD4F-2E1C32F5DCBA}.Release|Any CPU.Build.0 = Release|Any CPU
	EndGlobalSection
	GlobalSection(SolutionProperties) = preSolution
		HideSolutionNode = FALSE
	EndGlobalSection
	GlobalSection(ExtensibilityGlobals) = postSolution
		SolutionGuid = {605EBD21-3965-4930-969B-A9B58D3A5E85}
	EndGlobalSection
EndGlobal
